// !$*UTF8*$!
{
	archiveVersion = 1;
	classes = {
	};
	objectVersion = 46;
	objects = {

/* Begin PBXBuildFile section */
		5B66F3FF1E4B1B760051505F /* AppDelegate.swift in Sources */ = {isa = PBXBuildFile; fileRef = 5B66F3FE1E4B1B760051505F /* AppDelegate.swift */; };
		5B66F4011E4B1B760051505F /* ViewController.swift in Sources */ = {isa = PBXBuildFile; fileRef = 5B66F4001E4B1B760051505F /* ViewController.swift */; };
		5B66F4041E4B1B760051505F /* Main.storyboard in Resources */ = {isa = PBXBuildFile; fileRef = 5B66F4021E4B1B760051505F /* Main.storyboard */; };
		5B66F4061E4B1B760051505F /* Assets.xcassets in Resources */ = {isa = PBXBuildFile; fileRef = 5B66F4051E4B1B760051505F /* Assets.xcassets */; };
		5B66F4091E4B1B760051505F /* LaunchScreen.storyboard in Resources */ = {isa = PBXBuildFile; fileRef = 5B66F4071E4B1B760051505F /* LaunchScreen.storyboard */; };
		5B66F4141E4B1B760051505F /* TriangulationTestTests.swift in Sources */ = {isa = PBXBuildFile; fileRef = 5B66F4131E4B1B760051505F /* TriangulationTestTests.swift */; };
		5B66F41F1E4B1B760051505F /* TriangulationTestUITests.swift in Sources */ = {isa = PBXBuildFile; fileRef = 5B66F41E1E4B1B760051505F /* TriangulationTestUITests.swift */; };
/* End PBXBuildFile section */

/* Begin PBXContainerItemProxy section */
		5B66F4101E4B1B760051505F /* PBXContainerItemProxy */ = {
			isa = PBXContainerItemProxy;
			containerPortal = 5B66F3F31E4B1B760051505F /* Project object */;
			proxyType = 1;
			remoteGlobalIDString = 5B66F3FA1E4B1B760051505F;
			remoteInfo = TriangulationTest;
		};
		5B66F41B1E4B1B760051505F /* PBXContainerItemProxy */ = {
			isa = PBXContainerItemProxy;
			containerPortal = 5B66F3F31E4B1B760051505F /* Project object */;
			proxyType = 1;
			remoteGlobalIDString = 5B66F3FA1E4B1B760051505F;
			remoteInfo = TriangulationTest;
		};
/* End PBXContainerItemProxy section */

/* Begin PBXFileReference section */
		5B66F3FB1E4B1B760051505F /* TriangulationTest.app */ = {isa = PBXFileReference; explicitFileType = wrapper.application; includeInIndex = 0; path = TriangulationTest.app; sourceTree = BUILT_PRODUCTS_DIR; };
		5B66F3FE1E4B1B760051505F /* AppDelegate.swift */ = {isa = PBXFileReference; lastKnownFileType = sourcecode.swift; path = AppDelegate.swift; sourceTree = "<group>"; };
		5B66F4001E4B1B760051505F /* ViewController.swift */ = {isa = PBXFileReference; lastKnownFileType = sourcecode.swift; path = ViewController.swift; sourceTree = "<group>"; };
		5B66F4031E4B1B760051505F /* Base */ = {isa = PBXFileReference; lastKnownFileType = file.storyboard; name = Base; path = Base.lproj/Main.storyboard; sourceTree = "<group>"; };
		5B66F4051E4B1B760051505F /* Assets.xcassets */ = {isa = PBXFileReference; lastKnownFileType = folder.assetcatalog; path = Assets.xcassets; sourceTree = "<group>"; };
		5B66F4081E4B1B760051505F /* Base */ = {isa = PBXFileReference; lastKnownFileType = file.storyboard; name = Base; path = Base.lproj/LaunchScreen.storyboard; sourceTree = "<group>"; };
		5B66F40A1E4B1B760051505F /* Info.plist */ = {isa = PBXFileReference; lastKnownFileType = text.plist.xml; path = Info.plist; sourceTree = "<group>"; };
		5B66F40F1E4B1B760051505F /* TriangulationTestTests.xctest */ = {isa = PBXFileReference; explicitFileType = wrapper.cfbundle; includeInIndex = 0; path = TriangulationTestTests.xctest; sourceTree = BUILT_PRODUCTS_DIR; };
		5B66F4131E4B1B760051505F /* TriangulationTestTests.swift */ = {isa = PBXFileReference; lastKnownFileType = sourcecode.swift; path = TriangulationTestTests.swift; sourceTree = "<group>"; };
		5B66F4151E4B1B760051505F /* Info.plist */ = {isa = PBXFileReference; lastKnownFileType = text.plist.xml; path = Info.plist; sourceTree = "<group>"; };
		5B66F41A1E4B1B760051505F /* TriangulationTestUITests.xctest */ = {isa = PBXFileReference; explicitFileType = wrapper.cfbundle; includeInIndex = 0; path = TriangulationTestUITests.xctest; sourceTree = BUILT_PRODUCTS_DIR; };
		5B66F41E1E4B1B760051505F /* TriangulationTestUITests.swift */ = {isa = PBXFileReference; lastKnownFileType = sourcecode.swift; path = TriangulationTestUITests.swift; sourceTree = "<group>"; };
		5B66F4201E4B1B760051505F /* Info.plist */ = {isa = PBXFileReference; lastKnownFileType = text.plist.xml; path = Info.plist; sourceTree = "<group>"; };
/* End PBXFileReference section */

/* Begin PBXFrameworksBuildPhase section */
		5B66F3F81E4B1B760051505F /* Frameworks */ = {
			isa = PBXFrameworksBuildPhase;
			buildActionMask = 2147483647;
			files = (
			);
			runOnlyForDeploymentPostprocessing = 0;
		};
		5B66F40C1E4B1B760051505F /* Frameworks */ = {
			isa = PBXFrameworksBuildPhase;
			buildActionMask = 2147483647;
			files = (
			);
			runOnlyForDeploymentPostprocessing = 0;
		};
		5B66F4171E4B1B760051505F /* Frameworks */ = {
			isa = PBXFrameworksBuildPhase;
			buildActionMask = 2147483647;
			files = (
			);
			runOnlyForDeploymentPostprocessing = 0;
		};
/* End PBXFrameworksBuildPhase section */

/* Begin PBXGroup section */
		5B66F3F21E4B1B760051505F = {
			isa = PBXGroup;
			children = (
				5B66F3FD1E4B1B760051505F /* TriangulationTest */,
				5B66F4121E4B1B760051505F /* TriangulationTestTests */,
				5B66F41D1E4B1B760051505F /* TriangulationTestUITests */,
				5B66F3FC1E4B1B760051505F /* Products */,
			);
			sourceTree = "<group>";
		};
		5B66F3FC1E4B1B760051505F /* Products */ = {
			isa = PBXGroup;
			children = (
				5B66F3FB1E4B1B760051505F /* TriangulationTest.app */,
				5B66F40F1E4B1B760051505F /* TriangulationTestTests.xctest */,
				5B66F41A1E4B1B760051505F /* TriangulationTestUITests.xctest */,
			);
			name = Products;
			sourceTree = "<group>";
		};
		5B66F3FD1E4B1B760051505F /* TriangulationTest */ = {
			isa = PBXGroup;
			children = (
				5B66F3FE1E4B1B760051505F /* AppDelegate.swift */,
				5B66F4001E4B1B760051505F /* ViewController.swift */,
				5B66F4021E4B1B760051505F /* Main.storyboard */,
				5B66F4051E4B1B760051505F /* Assets.xcassets */,
				5B66F4071E4B1B760051505F /* LaunchScreen.storyboard */,
				5B66F40A1E4B1B760051505F /* Info.plist */,
			);
			path = TriangulationTest;
			sourceTree = "<group>";
		};
		5B66F4121E4B1B760051505F /* TriangulationTestTests */ = {
			isa = PBXGroup;
			children = (
				5B66F4131E4B1B760051505F /* TriangulationTestTests.swift */,
				5B66F4151E4B1B760051505F /* Info.plist */,
			);
			path = TriangulationTestTests;
			sourceTree = "<group>";
		};
		5B66F41D1E4B1B760051505F /* TriangulationTestUITests */ = {
			isa = PBXGroup;
			children = (
				5B66F41E1E4B1B760051505F /* TriangulationTestUITests.swift */,
				5B66F4201E4B1B760051505F /* Info.plist */,
			);
			path = TriangulationTestUITests;
			sourceTree = "<group>";
		};
/* End PBXGroup section */

/* Begin PBXNativeTarget section */
		5B66F3FA1E4B1B760051505F /* TriangulationTest */ = {
			isa = PBXNativeTarget;
			buildConfigurationList = 5B66F4231E4B1B760051505F /* Build configuration list for PBXNativeTarget "TriangulationTest" */;
			buildPhases = (
				5B66F3F71E4B1B760051505F /* Sources */,
				5B66F3F81E4B1B760051505F /* Frameworks */,
				5B66F3F91E4B1B760051505F /* Resources */,
			);
			buildRules = (
			);
			dependencies = (
			);
			name = TriangulationTest;
			productName = TriangulationTest;
			productReference = 5B66F3FB1E4B1B760051505F /* TriangulationTest.app */;
			productType = "com.apple.product-type.application";
		};
		5B66F40E1E4B1B760051505F /* TriangulationTestTests */ = {
			isa = PBXNativeTarget;
			buildConfigurationList = 5B66F4261E4B1B760051505F /* Build configuration list for PBXNativeTarget "TriangulationTestTests" */;
			buildPhases = (
				5B66F40B1E4B1B760051505F /* Sources */,
				5B66F40C1E4B1B760051505F /* Frameworks */,
				5B66F40D1E4B1B760051505F /* Resources */,
			);
			buildRules = (
			);
			dependencies = (
				5B66F4111E4B1B760051505F /* PBXTargetDependency */,
			);
			name = TriangulationTestTests;
			productName = TriangulationTestTests;
			productReference = 5B66F40F1E4B1B760051505F /* TriangulationTestTests.xctest */;
			productType = "com.apple.product-type.bundle.unit-test";
		};
		5B66F4191E4B1B760051505F /* TriangulationTestUITests */ = {
			isa = PBXNativeTarget;
			buildConfigurationList = 5B66F4291E4B1B760051505F /* Build configuration list for PBXNativeTarget "TriangulationTestUITests" */;
			buildPhases = (
				5B66F4161E4B1B760051505F /* Sources */,
				5B66F4171E4B1B760051505F /* Frameworks */,
				5B66F4181E4B1B760051505F /* Resources */,
			);
			buildRules = (
			);
			dependencies = (
				5B66F41C1E4B1B760051505F /* PBXTargetDependency */,
			);
			name = TriangulationTestUITests;
			productName = TriangulationTestUITests;
			productReference = 5B66F41A1E4B1B760051505F /* TriangulationTestUITests.xctest */;
			productType = "com.apple.product-type.bundle.ui-testing";
		};
/* End PBXNativeTarget section */

/* Begin PBXProject section */
		5B66F3F31E4B1B760051505F /* Project object */ = {
			isa = PBXProject;
			attributes = {
				LastSwiftUpdateCheck = 0820;
				LastUpgradeCheck = 0820;
				ORGANIZATIONNAME = Martin;
				TargetAttributes = {
					5B66F3FA1E4B1B760051505F = {
						CreatedOnToolsVersion = 8.2.1;
						ProvisioningStyle = Automatic;
					};
					5B66F40E1E4B1B760051505F = {
						CreatedOnToolsVersion = 8.2.1;
						ProvisioningStyle = Automatic;
						TestTargetID = 5B66F3FA1E4B1B760051505F;
					};
					5B66F4191E4B1B760051505F = {
						CreatedOnToolsVersion = 8.2.1;
						ProvisioningStyle = Automatic;
						TestTargetID = 5B66F3FA1E4B1B760051505F;
					};
				};
			};
			buildConfigurationList = 5B66F3F61E4B1B760051505F /* Build configuration list for PBXProject "TriangulationTest" */;
			compatibilityVersion = "Xcode 3.2";
			developmentRegion = English;
			hasScannedForEncodings = 0;
			knownRegions = (
				en,
				Base,
			);
			mainGroup = 5B66F3F21E4B1B760051505F;
			productRefGroup = 5B66F3FC1E4B1B760051505F /* Products */;
			projectDirPath = "";
			projectRoot = "";
			targets = (
				5B66F3FA1E4B1B760051505F /* TriangulationTest */,
				5B66F40E1E4B1B760051505F /* TriangulationTestTests */,
				5B66F4191E4B1B760051505F /* TriangulationTestUITests */,
			);
		};
/* End PBXProject section */

/* Begin PBXResourcesBuildPhase section */
		5B66F3F91E4B1B760051505F /* Resources */ = {
			isa = PBXResourcesBuildPhase;
			buildActionMask = 2147483647;
			files = (
				5B66F4091E4B1B760051505F /* LaunchScreen.storyboard in Resources */,
				5B66F4061E4B1B760051505F /* Assets.xcassets in Resources */,
				5B66F4041E4B1B760051505F /* Main.storyboard in Resources */,
			);
			runOnlyForDeploymentPostprocessing = 0;
		};
		5B66F40D1E4B1B760051505F /* Resources */ = {
			isa = PBXResourcesBuildPhase;
			buildActionMask = 2147483647;
			files = (
			);
			runOnlyForDeploymentPostprocessing = 0;
		};
		5B66F4181E4B1B760051505F /* Resources */ = {
			isa = PBXResourcesBuildPhase;
			buildActionMask = 2147483647;
			files = (
			);
			runOnlyForDeploymentPostprocessing = 0;
		};
/* End PBXResourcesBuildPhase section */

/* Begin PBXSourcesBuildPhase section */
		5B66F3F71E4B1B760051505F /* Sources */ = {
			isa = PBXSourcesBuildPhase;
			buildActionMask = 2147483647;
			files = (
				5B66F4011E4B1B760051505F /* ViewController.swift in Sources */,
				5B66F3FF1E4B1B760051505F /* AppDelegate.swift in Sources */,
			);
			runOnlyForDeploymentPostprocessing = 0;
		};
		5B66F40B1E4B1B760051505F /* Sources */ = {
			isa = PBXSourcesBuildPhase;
			buildActionMask = 2147483647;
			files = (
				5B66F4141E4B1B760051505F /* TriangulationTestTests.swift in Sources */,
			);
			runOnlyForDeploymentPostprocessing = 0;
		};
		5B66F4161E4B1B760051505F /* Sources */ = {
			isa = PBXSourcesBuildPhase;
			buildActionMask = 2147483647;
			files = (
				5B66F41F1E4B1B760051505F /* TriangulationTestUITests.swift in Sources */,
			);
			runOnlyForDeploymentPostprocessing = 0;
		};
/* End PBXSourcesBuildPhase section */

/* Begin PBXTargetDependency section */
		5B66F4111E4B1B760051505F /* PBXTargetDependency */ = {
			isa = PBXTargetDependency;
			target = 5B66F3FA1E4B1B760051505F /* TriangulationTest */;
			targetProxy = 5B66F4101E4B1B760051505F /* PBXContainerItemProxy */;
		};
		5B66F41C1E4B1B760051505F /* PBXTargetDependency */ = {
			isa = PBXTargetDependency;
			target = 5B66F3FA1E4B1B760051505F /* TriangulationTest */;
			targetProxy = 5B66F41B1E4B1B760051505F /* PBXContainerItemProxy */;
		};
/* End PBXTargetDependency section */

/* Begin PBXVariantGroup section */
		5B66F4021E4B1B760051505F /* Main.storyboard */ = {
			isa = PBXVariantGroup;
			children = (
				5B66F4031E4B1B760051505F /* Base */,
			);
			name = Main.storyboard;
			sourceTree = "<group>";
		};
		5B66F4071E4B1B760051505F /* LaunchScreen.storyboard */ = {
			isa = PBXVariantGroup;
			children = (
				5B66F4081E4B1B760051505F /* Base */,
			);
			name = LaunchScreen.storyboard;
			sourceTree = "<group>";
		};
/* End PBXVariantGroup section */

/* Begin XCBuildConfiguration section */
		5B66F4211E4B1B760051505F /* Debug */ = {
			isa = XCBuildConfiguration;
			buildSettings = {
				ALWAYS_SEARCH_USER_PATHS = NO;
				CLANG_ANALYZER_NONNULL = YES;
				CLANG_CXX_LANGUAGE_STANDARD = "gnu++0x";
				CLANG_CXX_LIBRARY = "libc++";
				CLANG_ENABLE_MODULES = YES;
				CLANG_ENABLE_OBJC_ARC = YES;
				CLANG_WARN_BOOL_CONVERSION = YES;
				CLANG_WARN_CONSTANT_CONVERSION = YES;
				CLANG_WARN_DIRECT_OBJC_ISA_USAGE = YES_ERROR;
				CLANG_WARN_DOCUMENTATION_COMMENTS = YES;
				CLANG_WARN_EMPTY_BODY = YES;
				CLANG_WARN_ENUM_CONVERSION = YES;
				CLANG_WARN_INFINITE_RECURSION = YES;
				CLANG_WARN_INT_CONVERSION = YES;
				CLANG_WARN_OBJC_ROOT_CLASS = YES_ERROR;
				CLANG_WARN_SUSPICIOUS_MOVE = YES;
				CLANG_WARN_UNREACHABLE_CODE = YES;
				CLANG_WARN__DUPLICATE_METHOD_MATCH = YES;
				"CODE_SIGN_IDENTITY[sdk=iphoneos*]" = "iPhone Developer";
				COPY_PHASE_STRIP = NO;
				DEBUG_INFORMATION_FORMAT = dwarf;
				ENABLE_STRICT_OBJC_MSGSEND = YES;
				ENABLE_TESTABILITY = YES;
				GCC_C_LANGUAGE_STANDARD = gnu99;
				GCC_DYNAMIC_NO_PIC = NO;
				GCC_NO_COMMON_BLOCKS = YES;
				GCC_OPTIMIZATION_LEVEL = 0;
				GCC_PREPROCESSOR_DEFINITIONS = (
					"DEBUG=1",
					"$(inherited)",
				);
				GCC_WARN_64_TO_32_BIT_CONVERSION = YES;
				GCC_WARN_ABOUT_RETURN_TYPE = YES_ERROR;
				GCC_WARN_UNDECLARED_SELECTOR = YES;
				GCC_WARN_UNINITIALIZED_AUTOS = YES_AGGRESSIVE;
				GCC_WARN_UNUSED_FUNCTION = YES;
				GCC_WARN_UNUSED_VARIABLE = YES;
				IPHONEOS_DEPLOYMENT_TARGET = 10.2;
				MTL_ENABLE_DEBUG_INFO = YES;
				ONLY_ACTIVE_ARCH = YES;
				SDKROOT = iphoneos;
				SWIFT_ACTIVE_COMPILATION_CONDITIONS = DEBUG;
				SWIFT_OPTIMIZATION_LEVEL = "-Onone";
			};
			name = Debug;
		};
		5B66F4221E4B1B760051505F /* Release */ = {
			isa = XCBuildConfiguration;
			buildSettings = {
				ALWAYS_SEARCH_USER_PATHS = NO;
				CLANG_ANALYZER_NONNULL = YES;
				CLANG_CXX_LANGUAGE_STANDARD = "gnu++0x";
				CLANG_CXX_LIBRARY = "libc++";
				CLANG_ENABLE_MODULES = YES;
				CLANG_ENABLE_OBJC_ARC = YES;
				CLANG_WARN_BOOL_CONVERSION = YES;
				CLANG_WARN_CONSTANT_CONVERSION = YES;
				CLANG_WARN_DIRECT_OBJC_ISA_USAGE = YES_ERROR;
				CLANG_WARN_DOCUMENTATION_COMMENTS = YES;
				CLANG_WARN_EMPTY_BODY = YES;
				CLANG_WARN_ENUM_CONVERSION = YES;
				CLANG_WARN_INFINITE_RECURSION = YES;
				CLANG_WARN_INT_CONVERSION = YES;
				CLANG_WARN_OBJC_ROOT_CLASS = YES_ERROR;
				CLANG_WARN_SUSPICIOUS_MOVE = YES;
				CLANG_WARN_UNREACHABLE_CODE = YES;
				CLANG_WARN__DUPLICATE_METHOD_MATCH = YES;
				"CODE_SIGN_IDENTITY[sdk=iphoneos*]" = "iPhone Developer";
				COPY_PHASE_STRIP = NO;
				DEBUG_INFORMATION_FORMAT = "dwarf-with-dsym";
				ENABLE_NS_ASSERTIONS = NO;
				ENABLE_STRICT_OBJC_MSGSEND = YES;
				GCC_C_LANGUAGE_STANDARD = gnu99;
				GCC_NO_COMMON_BLOCKS = YES;
				GCC_WARN_64_TO_32_BIT_CONVERSION = YES;
				GCC_WARN_ABOUT_RETURN_TYPE = YES_ERROR;
				GCC_WARN_UNDECLARED_SELECTOR = YES;
				GCC_WARN_UNINITIALIZED_AUTOS = YES_AGGRESSIVE;
				GCC_WARN_UNUSED_FUNCTION = YES;
				GCC_WARN_UNUSED_VARIABLE = YES;
				IPHONEOS_DEPLOYMENT_TARGET = 10.2;
				MTL_ENABLE_DEBUG_INFO = NO;
				SDKROOT = iphoneos;
				SWIFT_OPTIMIZATION_LEVEL = "-Owholemodule";
				VALIDATE_PRODUCT = YES;
			};
			name = Release;
		};
		5B66F4241E4B1B760051505F /* Debug */ = {
			isa = XCBuildConfiguration;
			buildSettings = {
				ASSETCATALOG_COMPILER_APPICON_NAME = AppIcon;
				INFOPLIST_FILE = TriangulationTest/Info.plist;
				LD_RUNPATH_SEARCH_PATHS = "$(inherited) @executable_path/Frameworks";
				PRODUCT_BUNDLE_IDENTIFIER = com.martin.TriangulationTest;
				PRODUCT_NAME = "$(TARGET_NAME)";
				SWIFT_VERSION = 3.0;
			};
			name = Debug;
		};
		5B66F4251E4B1B760051505F /* Release */ = {
			isa = XCBuildConfiguration;
			buildSettings = {
				ASSETCATALOG_COMPILER_APPICON_NAME = AppIcon;
				INFOPLIST_FILE = TriangulationTest/Info.plist;
				LD_RUNPATH_SEARCH_PATHS = "$(inherited) @executable_path/Frameworks";
				PRODUCT_BUNDLE_IDENTIFIER = com.martin.TriangulationTest;
				PRODUCT_NAME = "$(TARGET_NAME)";
				SWIFT_VERSION = 3.0;
			};
			name = Release;
		};
		5B66F4271E4B1B760051505F /* Debug */ = {
			isa = XCBuildConfiguration;
			buildSettings = {
				ALWAYS_EMBED_SWIFT_STANDARD_LIBRARIES = YES;
				BUNDLE_LOADER = "$(TEST_HOST)";
				INFOPLIST_FILE = TriangulationTestTests/Info.plist;
				LD_RUNPATH_SEARCH_PATHS = "$(inherited) @executable_path/Frameworks @loader_path/Frameworks";
				PRODUCT_BUNDLE_IDENTIFIER = com.martin.TriangulationTestTests;
				PRODUCT_NAME = "$(TARGET_NAME)";
				SWIFT_VERSION = 3.0;
				TEST_HOST = "$(BUILT_PRODUCTS_DIR)/TriangulationTest.app/TriangulationTest";
			};
			name = Debug;
		};
		5B66F4281E4B1B760051505F /* Release */ = {
			isa = XCBuildConfiguration;
			buildSettings = {
				ALWAYS_EMBED_SWIFT_STANDARD_LIBRARIES = YES;
				BUNDLE_LOADER = "$(TEST_HOST)";
				INFOPLIST_FILE = TriangulationTestTests/Info.plist;
				LD_RUNPATH_SEARCH_PATHS = "$(inherited) @executable_path/Frameworks @loader_path/Frameworks";
				PRODUCT_BUNDLE_IDENTIFIER = com.martin.TriangulationTestTests;
				PRODUCT_NAME = "$(TARGET_NAME)";
				SWIFT_VERSION = 3.0;
				TEST_HOST = "$(BUILT_PRODUCTS_DIR)/TriangulationTest.app/TriangulationTest";
			};
			name = Release;
		};
		5B66F42A1E4B1B760051505F /* Debug */ = {
			isa = XCBuildConfiguration;
			buildSettings = {
				ALWAYS_EMBED_SWIFT_STANDARD_LIBRARIES = YES;
				INFOPLIST_FILE = TriangulationTestUITests/Info.plist;
				LD_RUNPATH_SEARCH_PATHS = "$(inherited) @executable_path/Frameworks @loader_path/Frameworks";
				PRODUCT_BUNDLE_IDENTIFIER = com.martin.TriangulationTestUITests;
				PRODUCT_NAME = "$(TARGET_NAME)";
				SWIFT_VERSION = 3.0;
				TEST_TARGET_NAME = TriangulationTest;
			};
			name = Debug;
		};
		5B66F42B1E4B1B760051505F /* Release */ = {
			isa = XCBuildConfiguration;
			buildSettings = {
				ALWAYS_EMBED_SWIFT_STANDARD_LIBRARIES = YES;
				INFOPLIST_FILE = TriangulationTestUITests/Info.plist;
				LD_RUNPATH_SEARCH_PATHS = "$(inherited) @executable_path/Frameworks @loader_path/Frameworks";
				PRODUCT_BUNDLE_IDENTIFIER = com.martin.TriangulationTestUITests;
				PRODUCT_NAME = "$(TARGET_NAME)";
				SWIFT_VERSION = 3.0;
				TEST_TARGET_NAME = TriangulationTest;
			};
			name = Release;
		};
/* End XCBuildConfiguration section */

/* Begin XCConfigurationList section */
		5B66F3F61E4B1B760051505F /* Build configuration list for PBXProject "TriangulationTest" */ = {
			isa = XCConfigurationList;
			buildConfigurations = (
				5B66F4211E4B1B760051505F /* Debug */,
				5B66F4221E4B1B760051505F /* Release */,
			);
			defaultConfigurationIsVisible = 0;
			defaultConfigurationName = Release;
		};
		5B66F4231E4B1B760051505F /* Build configuration list for PBXNativeTarget "TriangulationTest" */ = {
			isa = XCConfigurationList;
			buildConfigurations = (
				5B66F4241E4B1B760051505F /* Debug */,
				5B66F4251E4B1B760051505F /* Release */,
			);
			defaultConfigurationIsVisible = 0;
		};
		5B66F4261E4B1B760051505F /* Build configuration list for PBXNativeTarget "TriangulationTestTests" */ = {
			isa = XCConfigurationList;
			buildConfigurations = (
				5B66F4271E4B1B760051505F /* Debug */,
				5B66F4281E4B1B760051505F /* Release */,
			);
			defaultConfigurationIsVisible = 0;
		};
		5B66F4291E4B1B760051505F /* Build configuration list for PBXNativeTarget "TriangulationTestUITests" */ = {
			isa = XCConfigurationList;
			buildConfigurations = (
				5B66F42A1E4B1B760051505F /* Debug */,
				5B66F42B1E4B1B760051505F /* Release */,
			);
			defaultConfigurationIsVisible = 0;
		};
/* End XCConfigurationList section */
	};
	rootObject = 5B66F3F31E4B1B760051505F /* Project object */;
}
